
Microsoft Visual Studio Solution File, Format Version 12.00
# Visual Studio 15
VisualStudioVersion = 15.0.26430.12
MinimumVisualStudioVersion = 10.0.40219.1
Project("{8BC9CEB8-8B4A-11D0-8D11-00A0C91BC942}") = "count_cpp_file", "Project1\Project1.vcxproj", "{4C5C85A0-E4F1-4201-8611-082E90451916}"
EndProject
Project("{8BC9CEB8-8B4A-11D0-8D11-00A0C91BC942}") = "count_cpp_file_visual", "count_cpp_file_visual\count_cpp_file_visual.vcxproj", "{0EE4A086-1B3D-497C-BD37-1A55B2518145}"
EndProject
Global
	GlobalSection(SolutionConfigurationPlatforms) = preSolution
		Debug|x64 = Debug|x64
		Debug|x86 = Debug|x86
		Release|x64 = Release|x64
		Release|x86 = Release|x86
	EndGlobalSection
	GlobalSection(ProjectConfigurationPlatforms) = postSolution
		{4C5C85A0-E4F1-4201-8611-082E90451916}.Debug|x64.ActiveCfg = Debug|x64
		{4C5C85A0-E4F1-4201-8611-082E90451916}.Debug|x64.Build.0 = Debug|x64
		{4C5C85A0-E4F1-4201-8611-082E90451916}.Debug|x86.ActiveCfg = Debug|Win32
		{4C5C85A0-E4F1-4201-8611-082E90451916}.Debug|x86.Build.0 = Debug|Win32
		{4C5C85A0-E4F1-4201-8611-082E90451916}.Release|x64.ActiveCfg = Release|x64
		{4C5C85A0-E4F1-4201-8611-082E90451916}.Release|x64.Build.0 = Release|x64
		{4C5C85A0-E4F1-4201-8611-082E90451916}.Release|x86.ActiveCfg = Release|Win32
		{4C5C85A0-E4F1-4201-8611-082E90451916}.Release|x86.Build.0 = Release|Win32
		{0EE4A086-1B3D-497C-BD37-1A55B2518145}.Debug|x64.ActiveCfg = Debug|x64
		{0EE4A086-1B3D-497C-BD37-1A55B2518145}.Debug|x64.Build.0 = Debug|x64
		{0EE4A086-1B3D-497C-BD37-1A55B2518145}.Debug|x86.ActiveCfg = Debug|Win32
		{0EE4A086-1B3D-497C-BD37-1A55B2518145}.Debug|x86.Build.0 = Debug|Win32
		{0EE4A086-1B3D-497C-BD37-1A55B2518145}.Release|x64.ActiveCfg = Release|x64
		{0EE4A086-1B3D-497C-BD37-1A55B2518145}.Release|x64.Build.0 = Release|x64
		{0EE4A086-1B3D-497C-BD37-1A55B2518145}.Release|x86.ActiveCfg = Release|Win32
		{0EE4A086-1B3D-497C-BD37-1A55B2518145}.Release|x86.Build.0 = Release|Win32
	EndGlobalSection
	GlobalSection(SolutionProperties) = preSolution
		HideSolutionNode = FALSE
	EndGlobalSection
EndGlobal
